
Microsoft Visual Studio Solution File, Format Version 12.00
# Visual Studio Version 17
VisualStudioVersion = 17.8.34408.163
MinimumVisualStudioVersion = 10.0.40219.1
Project("{9A19103F-16F7-4668-BE54-9A1E7A4F7556}") = "Backend.Api", "Backend.Api\Backend.Api.csproj", "{72057BD9-5242-4AFB-BA09-DB69DB7CE802}"
EndProject
Project("{E53339B2-1760-4266-BCC7-CA923CBCF16C}") = "docker-compose", "docker-compose.dcproj", "{853A9990-D33B-4F9F-9347-A6DEBC503A75}"
EndProject
Global
	GlobalSection(SolutionConfigurationPlatforms) = preSolution
		Debug|Any CPU = Debug|Any CPU
		Release|Any CPU = Release|Any CPU
	EndGlobalSection
	GlobalSection(ProjectConfigurationPlatforms) = postSolution
		{72057BD9-5242-4AFB-BA09-DB69DB7CE802}.Debug|Any CPU.ActiveCfg = Debug|Any CPU
		{72057BD9-5242-4AFB-BA09-DB69DB7CE802}.Debug|Any CPU.Build.0 = Debug|Any CPU
		{72057BD9-5242-4AFB-BA09-DB69DB7CE802}.Release|Any CPU.ActiveCfg = Release|Any CPU
		{72057BD9-5242-4AFB-BA09-DB69DB7CE802}.Release|Any CPU.Build.0 = Release|Any CPU
		{853A9990-D33B-4F9F-9347-A6DEBC503A75}.Debug|Any CPU.ActiveCfg = Debug|Any CPU
		{853A9990-D33B-4F9F-9347-A6DEBC503A75}.Debug|Any CPU.Build.0 = Debug|Any CPU
		{853A9990-D33B-4F9F-9347-A6DEBC503A75}.Release|Any CPU.ActiveCfg = Release|Any CPU
		{853A9990-D33B-4F9F-9347-A6DEBC503A75}.Release|Any CPU.Build.0 = Release|Any CPU
	EndGlobalSection
	GlobalSection(SolutionProperties) = preSolution
		HideSolutionNode = FALSE
	EndGlobalSection
	GlobalSection(ExtensibilityGlobals) = postSolution
		SolutionGuid = {3AD77F12-2A9A-4C9B-9E1C-E30B6C5092F1}
	EndGlobalSection
EndGlobal
